
Microsoft Visual Studio Solution File, Format Version 12.00
# Visual Studio Version 17
VisualStudioVersion = 17.1.32210.238
MinimumVisualStudioVersion = 10.0.40219.1
Project("{FAE04EC0-301F-11D3-BF4B-00C04F79EFBC}") = "da_projeto", "da_projeto\da_projeto.csproj", "{94A0944F-1793-48BE-8974-4FDC5F6A9FBD}"
EndProject
Global
	GlobalSection(SolutionConfigurationPlatforms) = preSolution
		Debug|Any CPU = Debug|Any CPU
		Release|Any CPU = Release|Any CPU
	EndGlobalSection
	GlobalSection(ProjectConfigurationPlatforms) = postSolution
		{94A0944F-1793-48BE-8974-4FDC5F6A9FBD}.Debug|Any CPU.ActiveCfg = Debug|Any CPU
		{94A0944F-1793-48BE-8974-4FDC5F6A9FBD}.Debug|Any CPU.Build.0 = Debug|Any CPU
		{94A0944F-1793-48BE-8974-4FDC5F6A9FBD}.Release|Any CPU.ActiveCfg = Release|Any CPU
		{94A0944F-1793-48BE-8974-4FDC5F6A9FBD}.Release|Any CPU.Build.0 = Release|Any CPU
	EndGlobalSection
	GlobalSection(SolutionProperties) = preSolution
		HideSolutionNode = FALSE
	EndGlobalSection
	GlobalSection(ExtensibilityGlobals) = postSolution
		SolutionGuid = {6B51504C-2594-4D5D-BB16-C5870D0F8FB2}
	EndGlobalSection
EndGlobal
